
Microsoft Visual Studio Solution File, Format Version 12.00
# Visual Studio Version 17
VisualStudioVersion = 17.3.32811.315
MinimumVisualStudioVersion = 10.0.40219.1
Project("{FAE04EC0-301F-11D3-BF4B-00C04F79EFBC}") = "Mo_Shop", "Mo_Shop\Mo_Shop.csproj", "{119F4D67-E5FB-4CFF-BFB7-75EF0AC9D230}"
EndProject
Global
	GlobalSection(SolutionConfigurationPlatforms) = preSolution
		Debug|Any CPU = Debug|Any CPU
		Release|Any CPU = Release|Any CPU
	EndGlobalSection
	GlobalSection(ProjectConfigurationPlatforms) = postSolution
		{119F4D67-E5FB-4CFF-BFB7-75EF0AC9D230}.Debug|Any CPU.ActiveCfg = Debug|Any CPU
		{119F4D67-E5FB-4CFF-BFB7-75EF0AC9D230}.Debug|Any CPU.Build.0 = Debug|Any CPU
		{119F4D67-E5FB-4CFF-BFB7-75EF0AC9D230}.Release|Any CPU.ActiveCfg = Release|Any CPU
		{119F4D67-E5FB-4CFF-BFB7-75EF0AC9D230}.Release|Any CPU.Build.0 = Release|Any CPU
	EndGlobalSection
	GlobalSection(SolutionProperties) = preSolution
		HideSolutionNode = FALSE
	EndGlobalSection
	GlobalSection(ExtensibilityGlobals) = postSolution
		SolutionGuid = {4F337825-DFF8-4FA8-985F-5FFE727A3115}
	EndGlobalSection
EndGlobal
